
Microsoft Visual Studio Solution File, Format Version 12.00
# Visual Studio Version 17
VisualStudioVersion = 17.1.32210.238
MinimumVisualStudioVersion = 10.0.40219.1
Project("{FAE04EC0-301F-11D3-BF4B-00C04F79EFBC}") = "The 7", "The 7\The 7.csproj", "{EA93F794-F708-4ED8-8A93-A3F9332541B2}"
EndProject
Global
	GlobalSection(SolutionConfigurationPlatforms) = preSolution
		Debug|Any CPU = Debug|Any CPU
		Release|Any CPU = Release|Any CPU
	EndGlobalSection
	GlobalSection(ProjectConfigurationPlatforms) = postSolution
		{EA93F794-F708-4ED8-8A93-A3F9332541B2}.Debug|Any CPU.ActiveCfg = Debug|Any CPU
		{EA93F794-F708-4ED8-8A93-A3F9332541B2}.Debug|Any CPU.Build.0 = Debug|Any CPU
		{EA93F794-F708-4ED8-8A93-A3F9332541B2}.Release|Any CPU.ActiveCfg = Release|Any CPU
		{EA93F794-F708-4ED8-8A93-A3F9332541B2}.Release|Any CPU.Build.0 = Release|Any CPU
	EndGlobalSection
	GlobalSection(SolutionProperties) = preSolution
		HideSolutionNode = FALSE
	EndGlobalSection
	GlobalSection(ExtensibilityGlobals) = postSolution
		SolutionGuid = {F3130C22-7BDA-464F-A3AA-C793E74275BA}
	EndGlobalSection
EndGlobal
